
Microsoft Visual Studio Solution File, Format Version 12.00
# Visual Studio 15
VisualStudioVersion = 15.0.28307.421
MinimumVisualStudioVersion = 10.0.40219.1
Project("{FAE04EC0-301F-11D3-BF4B-00C04F79EFBC}") = "BobbyT_CS", "BobbyT_CS\BobbyT_CS.csproj", "{4AC3311C-4140-47F5-B10C-76AF24C200D5}"
EndProject
Project("{FAE04EC0-301F-11D3-BF4B-00C04F79EFBC}") = "MyFirstWebApp", "MyFirstWebApp\MyFirstWebApp.csproj", "{FA1D0924-980A-4C2A-B34C-BB917DF31EFE}"
EndProject
Project("{FAE04EC0-301F-11D3-BF4B-00C04F79EFBC}") = "MyFirstChallenge", "MyFirstChallenge\MyFirstChallenge.csproj", "{AB6A9573-2975-4CF2-AB5D-B27E72EBF73C}"
EndProject
Global
	GlobalSection(SolutionConfigurationPlatforms) = preSolution
		Debug|Any CPU = Debug|Any CPU
		Release|Any CPU = Release|Any CPU
	EndGlobalSection
	GlobalSection(ProjectConfigurationPlatforms) = postSolution
		{4AC3311C-4140-47F5-B10C-76AF24C200D5}.Debug|Any CPU.ActiveCfg = Debug|Any CPU
		{4AC3311C-4140-47F5-B10C-76AF24C200D5}.Debug|Any CPU.Build.0 = Debug|Any CPU
		{4AC3311C-4140-47F5-B10C-76AF24C200D5}.Release|Any CPU.ActiveCfg = Release|Any CPU
		{4AC3311C-4140-47F5-B10C-76AF24C200D5}.Release|Any CPU.Build.0 = Release|Any CPU
		{FA1D0924-980A-4C2A-B34C-BB917DF31EFE}.Debug|Any CPU.ActiveCfg = Debug|Any CPU
		{FA1D0924-980A-4C2A-B34C-BB917DF31EFE}.Debug|Any CPU.Build.0 = Debug|Any CPU
		{FA1D0924-980A-4C2A-B34C-BB917DF31EFE}.Release|Any CPU.ActiveCfg = Release|Any CPU
		{FA1D0924-980A-4C2A-B34C-BB917DF31EFE}.Release|Any CPU.Build.0 = Release|Any CPU
		{AB6A9573-2975-4CF2-AB5D-B27E72EBF73C}.Debug|Any CPU.ActiveCfg = Debug|Any CPU
		{AB6A9573-2975-4CF2-AB5D-B27E72EBF73C}.Debug|Any CPU.Build.0 = Debug|Any CPU
		{AB6A9573-2975-4CF2-AB5D-B27E72EBF73C}.Release|Any CPU.ActiveCfg = Release|Any CPU
		{AB6A9573-2975-4CF2-AB5D-B27E72EBF73C}.Release|Any CPU.Build.0 = Release|Any CPU
	EndGlobalSection
	GlobalSection(SolutionProperties) = preSolution
		HideSolutionNode = FALSE
	EndGlobalSection
	GlobalSection(ExtensibilityGlobals) = postSolution
		SolutionGuid = {7D76705D-CECF-43F5-9EC5-17AD3D6D399C}
	EndGlobalSection
EndGlobal
